// !$*UTF8*$!
{
	archiveVersion = 1;
	classes = {
	};
	objectVersion = 56;
	objects = {

/* Begin PBXBuildFile section */
		67FEB8D42BE9C22B00781497 /* AppDelegate.swift in Sources */ = {isa = PBXBuildFile; fileRef = 67FEB8D32BE9C22B00781497 /* AppDelegate.swift */; };
		67FEB8D62BE9C22B00781497 /* SceneDelegate.swift in Sources */ = {isa = PBXBuildFile; fileRef = 67FEB8D52BE9C22B00781497 /* SceneDelegate.swift */; };
		67FEB8D82BE9C22B00781497 /* ViewController.swift in Sources */ = {isa = PBXBuildFile; fileRef = 67FEB8D72BE9C22B00781497 /* ViewController.swift */; };
		67FEB8DB2BE9C22B00781497 /* Base in Resources */ = {isa = PBXBuildFile; fileRef = 67FEB8DA2BE9C22B00781497 /* Base */; };
		67FEB8DD2BE9C22C00781497 /* Assets.xcassets in Resources */ = {isa = PBXBuildFile; fileRef = 67FEB8DC2BE9C22C00781497 /* Assets.xcassets */; };
		67FEB8E02BE9C22C00781497 /* Base in Resources */ = {isa = PBXBuildFile; fileRef = 67FEB8DF2BE9C22C00781497 /* Base */; };
		67FEB8EB2BE9C22C00781497 /* First_UIKIT_APPTests.swift in Sources */ = {isa = PBXBuildFile; fileRef = 67FEB8EA2BE9C22C00781497 /* First_UIKIT_APPTests.swift */; };
		67FEB8F52BE9C22C00781497 /* First_UIKIT_APPUITests.swift in Sources */ = {isa = PBXBuildFile; fileRef = 67FEB8F42BE9C22C00781497 /* First_UIKIT_APPUITests.swift */; };
		67FEB8F72BE9C22C00781497 /* First_UIKIT_APPUITestsLaunchTests.swift in Sources */ = {isa = PBXBuildFile; fileRef = 67FEB8F62BE9C22C00781497 /* First_UIKIT_APPUITestsLaunchTests.swift */; };
		67FEB9062BE9D8F600781497 /* AnnouncementViewController.swift in Sources */ = {isa = PBXBuildFile; fileRef = 67FEB9052BE9D8F600781497 /* AnnouncementViewController.swift */; };
		67FEB9082BE9DEE900781497 /* DetailAnnouncementViewController.swift in Sources */ = {isa = PBXBuildFile; fileRef = 67FEB9072BE9DEE900781497 /* DetailAnnouncementViewController.swift */; };
/* End PBXBuildFile section */

/* Begin PBXContainerItemProxy section */
		67FEB8E72BE9C22C00781497 /* PBXContainerItemProxy */ = {
			isa = PBXContainerItemProxy;
			containerPortal = 67FEB8C82BE9C22B00781497 /* Project object */;
			proxyType = 1;
			remoteGlobalIDString = 67FEB8CF2BE9C22B00781497;
			remoteInfo = "First UIKIT APP";
		};
		67FEB8F12BE9C22C00781497 /* PBXContainerItemProxy */ = {
			isa = PBXContainerItemProxy;
			containerPortal = 67FEB8C82BE9C22B00781497 /* Project object */;
			proxyType = 1;
			remoteGlobalIDString = 67FEB8CF2BE9C22B00781497;
			remoteInfo = "First UIKIT APP";
		};
/* End PBXContainerItemProxy section */

/* Begin PBXFileReference section */
		67FEB8D02BE9C22B00781497 /* First UIKIT APP.app */ = {isa = PBXFileReference; explicitFileType = wrapper.application; includeInIndex = 0; path = "First UIKIT APP.app"; sourceTree = BUILT_PRODUCTS_DIR; };
		67FEB8D32BE9C22B00781497 /* AppDelegate.swift */ = {isa = PBXFileReference; lastKnownFileType = sourcecode.swift; path = AppDelegate.swift; sourceTree = "<group>"; };
		67FEB8D52BE9C22B00781497 /* SceneDelegate.swift */ = {isa = PBXFileReference; lastKnownFileType = sourcecode.swift; path = SceneDelegate.swift; sourceTree = "<group>"; };
		67FEB8D72BE9C22B00781497 /* ViewController.swift */ = {isa = PBXFileReference; lastKnownFileType = sourcecode.swift; path = ViewController.swift; sourceTree = "<group>"; };
		67FEB8DA2BE9C22B00781497 /* Base */ = {isa = PBXFileReference; lastKnownFileType = file.storyboard; name = Base; path = Base.lproj/Main.storyboard; sourceTree = "<group>"; };
		67FEB8DC2BE9C22C00781497 /* Assets.xcassets */ = {isa = PBXFileReference; lastKnownFileType = folder.assetcatalog; path = Assets.xcassets; sourceTree = "<group>"; };
		67FEB8DF2BE9C22C00781497 /* Base */ = {isa = PBXFileReference; lastKnownFileType = file.storyboard; name = Base; path = Base.lproj/LaunchScreen.storyboard; sourceTree = "<group>"; };
		67FEB8E12BE9C22C00781497 /* Info.plist */ = {isa = PBXFileReference; lastKnownFileType = text.plist.xml; path = Info.plist; sourceTree = "<group>"; };
		67FEB8E62BE9C22C00781497 /* First UIKIT APPTests.xctest */ = {isa = PBXFileReference; explicitFileType = wrapper.cfbundle; includeInIndex = 0; path = "First UIKIT APPTests.xctest"; sourceTree = BUILT_PRODUCTS_DIR; };
		67FEB8EA2BE9C22C00781497 /* First_UIKIT_APPTests.swift */ = {isa = PBXFileReference; lastKnownFileType = sourcecode.swift; path = First_UIKIT_APPTests.swift; sourceTree = "<group>"; };
		67FEB8F02BE9C22C00781497 /* First UIKIT APPUITests.xctest */ = {isa = PBXFileReference; explicitFileType = wrapper.cfbundle; includeInIndex = 0; path = "First UIKIT APPUITests.xctest"; sourceTree = BUILT_PRODUCTS_DIR; };
		67FEB8F42BE9C22C00781497 /* First_UIKIT_APPUITests.swift */ = {isa = PBXFileReference; lastKnownFileType = sourcecode.swift; path = First_UIKIT_APPUITests.swift; sourceTree = "<group>"; };
		67FEB8F62BE9C22C00781497 /* First_UIKIT_APPUITestsLaunchTests.swift */ = {isa = PBXFileReference; lastKnownFileType = sourcecode.swift; path = First_UIKIT_APPUITestsLaunchTests.swift; sourceTree = "<group>"; };
		67FEB9052BE9D8F600781497 /* AnnouncementViewController.swift */ = {isa = PBXFileReference; lastKnownFileType = sourcecode.swift; path = AnnouncementViewController.swift; sourceTree = "<group>"; };
		67FEB9072BE9DEE900781497 /* DetailAnnouncementViewController.swift */ = {isa = PBXFileReference; lastKnownFileType = sourcecode.swift; path = DetailAnnouncementViewController.swift; sourceTree = "<group>"; };
/* End PBXFileReference section */

/* Begin PBXFrameworksBuildPhase section */
		67FEB8CD2BE9C22B00781497 /* Frameworks */ = {
			isa = PBXFrameworksBuildPhase;
			buildActionMask = 2147483647;
			files = (
			);
			runOnlyForDeploymentPostprocessing = 0;
		};
		67FEB8E32BE9C22C00781497 /* Frameworks */ = {
			isa = PBXFrameworksBuildPhase;
			buildActionMask = 2147483647;
			files = (
			);
			runOnlyForDeploymentPostprocessing = 0;
		};
		67FEB8ED2BE9C22C00781497 /* Frameworks */ = {
			isa = PBXFrameworksBuildPhase;
			buildActionMask = 2147483647;
			files = (
			);
			runOnlyForDeploymentPostprocessing = 0;
		};
/* End PBXFrameworksBuildPhase section */

/* Begin PBXGroup section */
		67FEB8C72BE9C22B00781497 = {
			isa = PBXGroup;
			children = (
				67FEB8D22BE9C22B00781497 /* First UIKIT APP */,
				67FEB8E92BE9C22C00781497 /* First UIKIT APPTests */,
				67FEB8F32BE9C22C00781497 /* First UIKIT APPUITests */,
				67FEB8D12BE9C22B00781497 /* Products */,
			);
			sourceTree = "<group>";
		};
		67FEB8D12BE9C22B00781497 /* Products */ = {
			isa = PBXGroup;
			children = (
				67FEB8D02BE9C22B00781497 /* First UIKIT APP.app */,
				67FEB8E62BE9C22C00781497 /* First UIKIT APPTests.xctest */,
				67FEB8F02BE9C22C00781497 /* First UIKIT APPUITests.xctest */,
			);
			name = Products;
			sourceTree = "<group>";
		};
		67FEB8D22BE9C22B00781497 /* First UIKIT APP */ = {
			isa = PBXGroup;
			children = (
				67FEB8D32BE9C22B00781497 /* AppDelegate.swift */,
				67FEB9052BE9D8F600781497 /* AnnouncementViewController.swift */,
				67FEB8D52BE9C22B00781497 /* SceneDelegate.swift */,
				67FEB8D72BE9C22B00781497 /* ViewController.swift */,
				67FEB8D92BE9C22B00781497 /* Main.storyboard */,
				67FEB9072BE9DEE900781497 /* DetailAnnouncementViewController.swift */,
				67FEB8DC2BE9C22C00781497 /* Assets.xcassets */,
				67FEB8DE2BE9C22C00781497 /* LaunchScreen.storyboard */,
				67FEB8E12BE9C22C00781497 /* Info.plist */,
			);
			path = "First UIKIT APP";
			sourceTree = "<group>";
		};
		67FEB8E92BE9C22C00781497 /* First UIKIT APPTests */ = {
			isa = PBXGroup;
			children = (
				67FEB8EA2BE9C22C00781497 /* First_UIKIT_APPTests.swift */,
			);
			path = "First UIKIT APPTests";
			sourceTree = "<group>";
		};
		67FEB8F32BE9C22C00781497 /* First UIKIT APPUITests */ = {
			isa = PBXGroup;
			children = (
				67FEB8F42BE9C22C00781497 /* First_UIKIT_APPUITests.swift */,
				67FEB8F62BE9C22C00781497 /* First_UIKIT_APPUITestsLaunchTests.swift */,
			);
			path = "First UIKIT APPUITests";
			sourceTree = "<group>";
		};
/* End PBXGroup section */

/* Begin PBXNativeTarget section */
		67FEB8CF2BE9C22B00781497 /* First UIKIT APP */ = {
			isa = PBXNativeTarget;
			buildConfigurationList = 67FEB8FA2BE9C22C00781497 /* Build configuration list for PBXNativeTarget "First UIKIT APP" */;
			buildPhases = (
				67FEB8CC2BE9C22B00781497 /* Sources */,
				67FEB8CD2BE9C22B00781497 /* Frameworks */,
				67FEB8CE2BE9C22B00781497 /* Resources */,
			);
			buildRules = (
			);
			dependencies = (
			);
			name = "First UIKIT APP";
			productName = "First UIKIT APP";
			productReference = 67FEB8D02BE9C22B00781497 /* First UIKIT APP.app */;
			productType = "com.apple.product-type.application";
		};
		67FEB8E52BE9C22C00781497 /* First UIKIT APPTests */ = {
			isa = PBXNativeTarget;
			buildConfigurationList = 67FEB8FD2BE9C22C00781497 /* Build configuration list for PBXNativeTarget "First UIKIT APPTests" */;
			buildPhases = (
				67FEB8E22BE9C22C00781497 /* Sources */,
				67FEB8E32BE9C22C00781497 /* Frameworks */,
				67FEB8E42BE9C22C00781497 /* Resources */,
			);
			buildRules = (
			);
			dependencies = (
				67FEB8E82BE9C22C00781497 /* PBXTargetDependency */,
			);
			name = "First UIKIT APPTests";
			productName = "First UIKIT APPTests";
			productReference = 67FEB8E62BE9C22C00781497 /* First UIKIT APPTests.xctest */;
			productType = "com.apple.product-type.bundle.unit-test";
		};
		67FEB8EF2BE9C22C00781497 /* First UIKIT APPUITests */ = {
			isa = PBXNativeTarget;
			buildConfigurationList = 67FEB9002BE9C22C00781497 /* Build configuration list for PBXNativeTarget "First UIKIT APPUITests" */;
			buildPhases = (
				67FEB8EC2BE9C22C00781497 /* Sources */,
				67FEB8ED2BE9C22C00781497 /* Frameworks */,
				67FEB8EE2BE9C22C00781497 /* Resources */,
			);
			buildRules = (
			);
			dependencies = (
				67FEB8F22BE9C22C00781497 /* PBXTargetDependency */,
			);
			name = "First UIKIT APPUITests";
			productName = "First UIKIT APPUITests";
			productReference = 67FEB8F02BE9C22C00781497 /* First UIKIT APPUITests.xctest */;
			productType = "com.apple.product-type.bundle.ui-testing";
		};
/* End PBXNativeTarget section */

/* Begin PBXProject section */
		67FEB8C82BE9C22B00781497 /* Project object */ = {
			isa = PBXProject;
			attributes = {
				BuildIndependentTargetsInParallel = 1;
				LastSwiftUpdateCheck = 1530;
				LastUpgradeCheck = 1530;
				TargetAttributes = {
					67FEB8CF2BE9C22B00781497 = {
						CreatedOnToolsVersion = 15.3;
					};
					67FEB8E52BE9C22C00781497 = {
						CreatedOnToolsVersion = 15.3;
						TestTargetID = 67FEB8CF2BE9C22B00781497;
					};
					67FEB8EF2BE9C22C00781497 = {
						CreatedOnToolsVersion = 15.3;
						TestTargetID = 67FEB8CF2BE9C22B00781497;
					};
				};
			};
			buildConfigurationList = 67FEB8CB2BE9C22B00781497 /* Build configuration list for PBXProject "First UIKIT APP" */;
			compatibilityVersion = "Xcode 14.0";
			developmentRegion = en;
			hasScannedForEncodings = 0;
			knownRegions = (
				en,
				Base,
			);
			mainGroup = 67FEB8C72BE9C22B00781497;
			productRefGroup = 67FEB8D12BE9C22B00781497 /* Products */;
			projectDirPath = "";
			projectRoot = "";
			targets = (
				67FEB8CF2BE9C22B00781497 /* First UIKIT APP */,
				67FEB8E52BE9C22C00781497 /* First UIKIT APPTests */,
				67FEB8EF2BE9C22C00781497 /* First UIKIT APPUITests */,
			);
		};
/* End PBXProject section */

/* Begin PBXResourcesBuildPhase section */
		67FEB8CE2BE9C22B00781497 /* Resources */ = {
			isa = PBXResourcesBuildPhase;
			buildActionMask = 2147483647;
			files = (
				67FEB8DD2BE9C22C00781497 /* Assets.xcassets in Resources */,
				67FEB8E02BE9C22C00781497 /* Base in Resources */,
				67FEB8DB2BE9C22B00781497 /* Base in Resources */,
			);
			runOnlyForDeploymentPostprocessing = 0;
		};
		67FEB8E42BE9C22C00781497 /* Resources */ = {
			isa = PBXResourcesBuildPhase;
			buildActionMask = 2147483647;
			files = (
			);
			runOnlyForDeploymentPostprocessing = 0;
		};
		67FEB8EE2BE9C22C00781497 /* Resources */ = {
			isa = PBXResourcesBuildPhase;
			buildActionMask = 2147483647;
			files = (
			);
			runOnlyForDeploymentPostprocessing = 0;
		};
/* End PBXResourcesBuildPhase section */

/* Begin PBXSourcesBuildPhase section */
		67FEB8CC2BE9C22B00781497 /* Sources */ = {
			isa = PBXSourcesBuildPhase;
			buildActionMask = 2147483647;
			files = (
				67FEB9082BE9DEE900781497 /* DetailAnnouncementViewController.swift in Sources */,
				67FEB8D82BE9C22B00781497 /* ViewController.swift in Sources */,
				67FEB8D42BE9C22B00781497 /* AppDelegate.swift in Sources */,
				67FEB9062BE9D8F600781497 /* AnnouncementViewController.swift in Sources */,
				67FEB8D62BE9C22B00781497 /* SceneDelegate.swift in Sources */,
			);
			runOnlyForDeploymentPostprocessing = 0;
		};
		67FEB8E22BE9C22C00781497 /* Sources */ = {
			isa = PBXSourcesBuildPhase;
			buildActionMask = 2147483647;
			files = (
				67FEB8EB2BE9C22C00781497 /* First_UIKIT_APPTests.swift in Sources */,
			);
			runOnlyForDeploymentPostprocessing = 0;
		};
		67FEB8EC2BE9C22C00781497 /* Sources */ = {
			isa = PBXSourcesBuildPhase;
			buildActionMask = 2147483647;
			files = (
				67FEB8F72BE9C22C00781497 /* First_UIKIT_APPUITestsLaunchTests.swift in Sources */,
				67FEB8F52BE9C22C00781497 /* First_UIKIT_APPUITests.swift in Sources */,
			);
			runOnlyForDeploymentPostprocessing = 0;
		};
/* End PBXSourcesBuildPhase section */

/* Begin PBXTargetDependency section */
		67FEB8E82BE9C22C00781497 /* PBXTargetDependency */ = {
			isa = PBXTargetDependency;
			target = 67FEB8CF2BE9C22B00781497 /* First UIKIT APP */;
			targetProxy = 67FEB8E72BE9C22C00781497 /* PBXContainerItemProxy */;
		};
		67FEB8F22BE9C22C00781497 /* PBXTargetDependency */ = {
			isa = PBXTargetDependency;
			target = 67FEB8CF2BE9C22B00781497 /* First UIKIT APP */;
			targetProxy = 67FEB8F12BE9C22C00781497 /* PBXContainerItemProxy */;
		};
/* End PBXTargetDependency section */

/* Begin PBXVariantGroup section */
		67FEB8D92BE9C22B00781497 /* Main.storyboard */ = {
			isa = PBXVariantGroup;
			children = (
				67FEB8DA2BE9C22B00781497 /* Base */,
			);
			name = Main.storyboard;
			sourceTree = "<group>";
		};
		67FEB8DE2BE9C22C00781497 /* LaunchScreen.storyboard */ = {
			isa = PBXVariantGroup;
			children = (
				67FEB8DF2BE9C22C00781497 /* Base */,
			);
			name = LaunchScreen.storyboard;
			sourceTree = "<group>";
		};
/* End PBXVariantGroup section */

/* Begin XCBuildConfiguration section */
		67FEB8F82BE9C22C00781497 /* Debug */ = {
			isa = XCBuildConfiguration;
			buildSettings = {
				ALWAYS_SEARCH_USER_PATHS = NO;
				ASSETCATALOG_COMPILER_GENERATE_SWIFT_ASSET_SYMBOL_EXTENSIONS = YES;
				CLANG_ANALYZER_NONNULL = YES;
				CLANG_ANALYZER_NUMBER_OBJECT_CONVERSION = YES_AGGRESSIVE;
				CLANG_CXX_LANGUAGE_STANDARD = "gnu++20";
				CLANG_ENABLE_MODULES = YES;
				CLANG_ENABLE_OBJC_ARC = YES;
				CLANG_ENABLE_OBJC_WEAK = YES;
				CLANG_WARN_BLOCK_CAPTURE_AUTORELEASING = YES;
				CLANG_WARN_BOOL_CONVERSION = YES;
				CLANG_WARN_COMMA = YES;
				CLANG_WARN_CONSTANT_CONVERSION = YES;
				CLANG_WARN_DEPRECATED_OBJC_IMPLEMENTATIONS = YES;
				CLANG_WARN_DIRECT_OBJC_ISA_USAGE = YES_ERROR;
				CLANG_WARN_DOCUMENTATION_COMMENTS = YES;
				CLANG_WARN_EMPTY_BODY = YES;
				CLANG_WARN_ENUM_CONVERSION = YES;
				CLANG_WARN_INFINITE_RECURSION = YES;
				CLANG_WARN_INT_CONVERSION = YES;
				CLANG_WARN_NON_LITERAL_NULL_CONVERSION = YES;
				CLANG_WARN_OBJC_IMPLICIT_RETAIN_SELF = YES;
				CLANG_WARN_OBJC_LITERAL_CONVERSION = YES;
				CLANG_WARN_OBJC_ROOT_CLASS = YES_ERROR;
				CLANG_WARN_QUOTED_INCLUDE_IN_FRAMEWORK_HEADER = YES;
				CLANG_WARN_RANGE_LOOP_ANALYSIS = YES;
				CLANG_WARN_STRICT_PROTOTYPES = YES;
				CLANG_WARN_SUSPICIOUS_MOVE = YES;
				CLANG_WARN_UNGUARDED_AVAILABILITY = YES_AGGRESSIVE;
				CLANG_WARN_UNREACHABLE_CODE = YES;
				CLANG_WARN__DUPLICATE_METHOD_MATCH = YES;
				COPY_PHASE_STRIP = NO;
				DEBUG_INFORMATION_FORMAT = dwarf;
				ENABLE_STRICT_OBJC_MSGSEND = YES;
				ENABLE_TESTABILITY = YES;
				ENABLE_USER_SCRIPT_SANDBOXING = YES;
				GCC_C_LANGUAGE_STANDARD = gnu17;
				GCC_DYNAMIC_NO_PIC = NO;
				GCC_NO_COMMON_BLOCKS = YES;
				GCC_OPTIMIZATION_LEVEL = 0;
				GCC_PREPROCESSOR_DEFINITIONS = (
					"DEBUG=1",
					"$(inherited)",
				);
				GCC_WARN_64_TO_32_BIT_CONVERSION = YES;
				GCC_WARN_ABOUT_RETURN_TYPE = YES_ERROR;
				GCC_WARN_UNDECLARED_SELECTOR = YES;
				GCC_WARN_UNINITIALIZED_AUTOS = YES_AGGRESSIVE;
				GCC_WARN_UNUSED_FUNCTION = YES;
				GCC_WARN_UNUSED_VARIABLE = YES;
				IPHONEOS_DEPLOYMENT_TARGET = 17.4;
				LOCALIZATION_PREFERS_STRING_CATALOGS = YES;
				MTL_ENABLE_DEBUG_INFO = INCLUDE_SOURCE;
				MTL_FAST_MATH = YES;
				ONLY_ACTIVE_ARCH = YES;
				SDKROOT = iphoneos;
				SWIFT_ACTIVE_COMPILATION_CONDITIONS = "DEBUG $(inherited)";
				SWIFT_OPTIMIZATION_LEVEL = "-Onone";
			};
			name = Debug;
		};
		67FEB8F92BE9C22C00781497 /* Release */ = {
			isa = XCBuildConfiguration;
			buildSettings = {
				ALWAYS_SEARCH_USER_PATHS = NO;
				ASSETCATALOG_COMPILER_GENERATE_SWIFT_ASSET_SYMBOL_EXTENSIONS = YES;
				CLANG_ANALYZER_NONNULL = YES;
				CLANG_ANALYZER_NUMBER_OBJECT_CONVERSION = YES_AGGRESSIVE;
				CLANG_CXX_LANGUAGE_STANDARD = "gnu++20";
				CLANG_ENABLE_MODULES = YES;
				CLANG_ENABLE_OBJC_ARC = YES;
				CLANG_ENABLE_OBJC_WEAK = YES;
				CLANG_WARN_BLOCK_CAPTURE_AUTORELEASING = YES;
				CLANG_WARN_BOOL_CONVERSION = YES;
				CLANG_WARN_COMMA = YES;
				CLANG_WARN_CONSTANT_CONVERSION = YES;
				CLANG_WARN_DEPRECATED_OBJC_IMPLEMENTATIONS = YES;
				CLANG_WARN_DIRECT_OBJC_ISA_USAGE = YES_ERROR;
				CLANG_WARN_DOCUMENTATION_COMMENTS = YES;
				CLANG_WARN_EMPTY_BODY = YES;
				CLANG_WARN_ENUM_CONVERSION = YES;
				CLANG_WARN_INFINITE_RECURSION = YES;
				CLANG_WARN_INT_CONVERSION = YES;
				CLANG_WARN_NON_LITERAL_NULL_CONVERSION = YES;
				CLANG_WARN_OBJC_IMPLICIT_RETAIN_SELF = YES;
				CLANG_WARN_OBJC_LITERAL_CONVERSION = YES;
				CLANG_WARN_OBJC_ROOT_CLASS = YES_ERROR;
				CLANG_WARN_QUOTED_INCLUDE_IN_FRAMEWORK_HEADER = YES;
				CLANG_WARN_RANGE_LOOP_ANALYSIS = YES;
				CLANG_WARN_STRICT_PROTOTYPES = YES;
				CLANG_WARN_SUSPICIOUS_MOVE = YES;
				CLANG_WARN_UNGUARDED_AVAILABILITY = YES_AGGRESSIVE;
				CLANG_WARN_UNREACHABLE_CODE = YES;
				CLANG_WARN__DUPLICATE_METHOD_MATCH = YES;
				COPY_PHASE_STRIP = NO;
				DEBUG_INFORMATION_FORMAT = "dwarf-with-dsym";
				ENABLE_NS_ASSERTIONS = NO;
				ENABLE_STRICT_OBJC_MSGSEND = YES;
				ENABLE_USER_SCRIPT_SANDBOXING = YES;
				GCC_C_LANGUAGE_STANDARD = gnu17;
				GCC_NO_COMMON_BLOCKS = YES;
				GCC_WARN_64_TO_32_BIT_CONVERSION = YES;
				GCC_WARN_ABOUT_RETURN_TYPE = YES_ERROR;
				GCC_WARN_UNDECLARED_SELECTOR = YES;
				GCC_WARN_UNINITIALIZED_AUTOS = YES_AGGRESSIVE;
				GCC_WARN_UNUSED_FUNCTION = YES;
				GCC_WARN_UNUSED_VARIABLE = YES;
				IPHONEOS_DEPLOYMENT_TARGET = 17.4;
				LOCALIZATION_PREFERS_STRING_CATALOGS = YES;
				MTL_ENABLE_DEBUG_INFO = NO;
				MTL_FAST_MATH = YES;
				SDKROOT = iphoneos;
				SWIFT_COMPILATION_MODE = wholemodule;
				VALIDATE_PRODUCT = YES;
			};
			name = Release;
		};
		67FEB8FB2BE9C22C00781497 /* Debug */ = {
			isa = XCBuildConfiguration;
			buildSettings = {
				ASSETCATALOG_COMPILER_APPICON_NAME = AppIcon;
				ASSETCATALOG_COMPILER_GLOBAL_ACCENT_COLOR_NAME = AccentColor;
				CODE_SIGN_STYLE = Automatic;
				CURRENT_PROJECT_VERSION = 1;
				DEVELOPMENT_TEAM = 6K8Z3XG69D;
				GENERATE_INFOPLIST_FILE = YES;
				INFOPLIST_FILE = "First UIKIT APP/Info.plist";
				INFOPLIST_KEY_UIApplicationSupportsIndirectInputEvents = YES;
				INFOPLIST_KEY_UILaunchStoryboardName = LaunchScreen;
				INFOPLIST_KEY_UIMainStoryboardFile = Main;
				INFOPLIST_KEY_UISupportedInterfaceOrientations_iPad = "UIInterfaceOrientationPortrait UIInterfaceOrientationPortraitUpsideDown UIInterfaceOrientationLandscapeLeft UIInterfaceOrientationLandscapeRight";
				INFOPLIST_KEY_UISupportedInterfaceOrientations_iPhone = "UIInterfaceOrientationPortrait UIInterfaceOrientationLandscapeLeft UIInterfaceOrientationLandscapeRight";
				LD_RUNPATH_SEARCH_PATHS = (
					"$(inherited)",
					"@executable_path/Frameworks",
				);
				MARKETING_VERSION = 1.0;
				PRODUCT_BUNDLE_IDENTIFIER = "com.farid.First-UIKIT-APP";
				PRODUCT_NAME = "$(TARGET_NAME)";
				SWIFT_EMIT_LOC_STRINGS = YES;
				SWIFT_VERSION = 5.0;
				TARGETED_DEVICE_FAMILY = "1,2";
			};
			name = Debug;
		};
		67FEB8FC2BE9C22C00781497 /* Release */ = {
			isa = XCBuildConfiguration;
			buildSettings = {
				ASSETCATALOG_COMPILER_APPICON_NAME = AppIcon;
				ASSETCATALOG_COMPILER_GLOBAL_ACCENT_COLOR_NAME = AccentColor;
				CODE_SIGN_STYLE = Automatic;
				CURRENT_PROJECT_VERSION = 1;
				DEVELOPMENT_TEAM = 6K8Z3XG69D;
				GENERATE_INFOPLIST_FILE = YES;
				INFOPLIST_FILE = "First UIKIT APP/Info.plist";
				INFOPLIST_KEY_UIApplicationSupportsIndirectInputEvents = YES;
				INFOPLIST_KEY_UILaunchStoryboardName = LaunchScreen;
				INFOPLIST_KEY_UIMainStoryboardFile = Main;
				INFOPLIST_KEY_UISupportedInterfaceOrientations_iPad = "UIInterfaceOrientationPortrait UIInterfaceOrientationPortraitUpsideDown UIInterfaceOrientationLandscapeLeft UIInterfaceOrientationLandscapeRight";
				INFOPLIST_KEY_UISupportedInterfaceOrientations_iPhone = "UIInterfaceOrientationPortrait UIInterfaceOrientationLandscapeLeft UIInterfaceOrientationLandscapeRight";
				LD_RUNPATH_SEARCH_PATHS = (
					"$(inherited)",
					"@executable_path/Frameworks",
				);
				MARKETING_VERSION = 1.0;
				PRODUCT_BUNDLE_IDENTIFIER = "com.farid.First-UIKIT-APP";
				PRODUCT_NAME = "$(TARGET_NAME)";
				SWIFT_EMIT_LOC_STRINGS = YES;
				SWIFT_VERSION = 5.0;
				TARGETED_DEVICE_FAMILY = "1,2";
			};
			name = Release;
		};
		67FEB8FE2BE9C22C00781497 /* Debug */ = {
			isa = XCBuildConfiguration;
			buildSettings = {
				ALWAYS_EMBED_SWIFT_STANDARD_LIBRARIES = YES;
				BUNDLE_LOADER = "$(TEST_HOST)";
				CODE_SIGN_STYLE = Automatic;
				CURRENT_PROJECT_VERSION = 1;
				DEVELOPMENT_TEAM = 6K8Z3XG69D;
				GENERATE_INFOPLIST_FILE = YES;
				IPHONEOS_DEPLOYMENT_TARGET = 17.4;
				MARKETING_VERSION = 1.0;
				PRODUCT_BUNDLE_IDENTIFIER = "com.farid.First-UIKIT-APPTests";
				PRODUCT_NAME = "$(TARGET_NAME)";
				SWIFT_EMIT_LOC_STRINGS = NO;
				SWIFT_VERSION = 5.0;
				TARGETED_DEVICE_FAMILY = "1,2";
				TEST_HOST = "$(BUILT_PRODUCTS_DIR)/First UIKIT APP.app/$(BUNDLE_EXECUTABLE_FOLDER_PATH)/First UIKIT APP";
			};
			name = Debug;
		};
		67FEB8FF2BE9C22C00781497 /* Release */ = {
			isa = XCBuildConfiguration;
			buildSettings = {
				ALWAYS_EMBED_SWIFT_STANDARD_LIBRARIES = YES;
				BUNDLE_LOADER = "$(TEST_HOST)";
				CODE_SIGN_STYLE = Automatic;
				CURRENT_PROJECT_VERSION = 1;
				DEVELOPMENT_TEAM = 6K8Z3XG69D;
				GENERATE_INFOPLIST_FILE = YES;
				IPHONEOS_DEPLOYMENT_TARGET = 17.4;
				MARKETING_VERSION = 1.0;
				PRODUCT_BUNDLE_IDENTIFIER = "com.farid.First-UIKIT-APPTests";
				PRODUCT_NAME = "$(TARGET_NAME)";
				SWIFT_EMIT_LOC_STRINGS = NO;
				SWIFT_VERSION = 5.0;
				TARGETED_DEVICE_FAMILY = "1,2";
				TEST_HOST = "$(BUILT_PRODUCTS_DIR)/First UIKIT APP.app/$(BUNDLE_EXECUTABLE_FOLDER_PATH)/First UIKIT APP";
			};
			name = Release;
		};
		67FEB9012BE9C22C00781497 /* Debug */ = {
			isa = XCBuildConfiguration;
			buildSettings = {
				ALWAYS_EMBED_SWIFT_STANDARD_LIBRARIES = YES;
				CODE_SIGN_STYLE = Automatic;
				CURRENT_PROJECT_VERSION = 1;
				DEVELOPMENT_TEAM = 6K8Z3XG69D;
				GENERATE_INFOPLIST_FILE = YES;
				MARKETING_VERSION = 1.0;
				PRODUCT_BUNDLE_IDENTIFIER = "com.farid.First-UIKIT-APPUITests";
				PRODUCT_NAME = "$(TARGET_NAME)";
				SWIFT_EMIT_LOC_STRINGS = NO;
				SWIFT_VERSION = 5.0;
				TARGETED_DEVICE_FAMILY = "1,2";
				TEST_TARGET_NAME = "First UIKIT APP";
			};
			name = Debug;
		};
		67FEB9022BE9C22C00781497 /* Release */ = {
			isa = XCBuildConfiguration;
			buildSettings = {
				ALWAYS_EMBED_SWIFT_STANDARD_LIBRARIES = YES;
				CODE_SIGN_STYLE = Automatic;
				CURRENT_PROJECT_VERSION = 1;
				DEVELOPMENT_TEAM = 6K8Z3XG69D;
				GENERATE_INFOPLIST_FILE = YES;
				MARKETING_VERSION = 1.0;
				PRODUCT_BUNDLE_IDENTIFIER = "com.farid.First-UIKIT-APPUITests";
				PRODUCT_NAME = "$(TARGET_NAME)";
				SWIFT_EMIT_LOC_STRINGS = NO;
				SWIFT_VERSION = 5.0;
				TARGETED_DEVICE_FAMILY = "1,2";
				TEST_TARGET_NAME = "First UIKIT APP";
			};
			name = Release;
		};
/* End XCBuildConfiguration section */

/* Begin XCConfigurationList section */
		67FEB8CB2BE9C22B00781497 /* Build configuration list for PBXProject "First UIKIT APP" */ = {
			isa = XCConfigurationList;
			buildConfigurations = (
				67FEB8F82BE9C22C00781497 /* Debug */,
				67FEB8F92BE9C22C00781497 /* Release */,
			);
			defaultConfigurationIsVisible = 0;
			defaultConfigurationName = Release;
		};
		67FEB8FA2BE9C22C00781497 /* Build configuration list for PBXNativeTarget "First UIKIT APP" */ = {
			isa = XCConfigurationList;
			buildConfigurations = (
				67FEB8FB2BE9C22C00781497 /* Debug */,
				67FEB8FC2BE9C22C00781497 /* Release */,
			);
			defaultConfigurationIsVisible = 0;
			defaultConfigurationName = Release;
		};
		67FEB8FD2BE9C22C00781497 /* Build configuration list for PBXNativeTarget "First UIKIT APPTests" */ = {
			isa = XCConfigurationList;
			buildConfigurations = (
				67FEB8FE2BE9C22C00781497 /* Debug */,
				67FEB8FF2BE9C22C00781497 /* Release */,
			);
			defaultConfigurationIsVisible = 0;
			defaultConfigurationName = Release;
		};
		67FEB9002BE9C22C00781497 /* Build configuration list for PBXNativeTarget "First UIKIT APPUITests" */ = {
			isa = XCConfigurationList;
			buildConfigurations = (
				67FEB9012BE9C22C00781497 /* Debug */,
				67FEB9022BE9C22C00781497 /* Release */,
			);
			defaultConfigurationIsVisible = 0;
			defaultConfigurationName = Release;
		};
/* End XCConfigurationList section */
	};
	rootObject = 67FEB8C82BE9C22B00781497 /* Project object */;
}
